// !$*UTF8*$!
{
	archiveVersion = 1;
	classes = {
	};
	objectVersion = 46;
	objects = {

/* Begin PBXBuildFile section */
		13B07FBC1A68108700A75B9A /* AppDelegate.mm in Sources */ = {isa = PBXBuildFile; fileRef = 13B07FB01A68108700A75B9A /* AppDelegate.mm */; };
		13B07FBF1A68108700A75B9A /* Images.xcassets in Resources */ = {isa = PBXBuildFile; fileRef = 13B07FB51A68108700A75B9A /* Images.xcassets */; };
		13B07FC11A68108700A75B9A /* main.m in Sources */ = {isa = PBXBuildFile; fileRef = 13B07FB71A68108700A75B9A /* main.m */; };
		3E461D99554A48A4959DE609 /* SplashScreen.storyboard in Resources */ = {isa = PBXBuildFile; fileRef = AA286B85B6C04FC6940260E9 /* SplashScreen.storyboard */; };
		96905EF65AED1B983A6B3ABC /* libPods-igniteshoes.a in Frameworks */ = {isa = PBXBuildFile; fileRef = 58EEBF8E8E6FB1BC6CAF49B5 /* libPods-igniteshoes.a */; };
		B18059E884C0ABDD17F3DC3D /* ExpoModulesProvider.swift in Sources */ = {isa = PBXBuildFile; fileRef = FAC715A2D49A985799AEE119 /* ExpoModulesProvider.swift */; };
		BB2F792D24A3F905000567C9 /* Expo.plist in Resources */ = {isa = PBXBuildFile; fileRef = BB2F792C24A3F905000567C9 /* Expo.plist */; };
		ED5B7E4B320C42D68888B77E /* noop-file.swift in Sources */ = {isa = PBXBuildFile; fileRef = 3D90D38D04C443D78079F900 /* noop-file.swift */; };
		45F92F005553430A8419A55C /* NotificationService.h in Resources */ = {isa = PBXBuildFile; fileRef = 3C16EBA8DB364DDFA68FA7CF /* NotificationService.h */; };
		B27B37BDC17E40A18B1B6C4A /* OneSignalNotificationServiceExtension.entitlements in Resources */ = {isa = PBXBuildFile; fileRef = 467E623290AA46F19EDA6061 /* OneSignalNotificationServiceExtension.entitlements */; };
		8E64909F25CF4D6496EF5937 /* OneSignalNotificationServiceExtension-Info.plist in Resources */ = {isa = PBXBuildFile; fileRef = FD3F0B1D5B114582A50BB47A /* OneSignalNotificationServiceExtension-Info.plist */; };
		E2F0FEFAC46E4F3BA02088F6 /* NotificationService.m in Sources */ = {isa = PBXBuildFile; fileRef = 0CB877F38D1E4EF1A675DE9A /* NotificationService.m */; };
		7207BD5E99E642D4BBCF0644 /* OneSignalNotificationServiceExtension.appex in Copy Files */ = {isa = PBXBuildFile; fileRef = 996A2FC236864D9494A35806 /* OneSignalNotificationServiceExtension.appex */; };
		3CB6613AF95D4ABAA3FC43A4 /* OneSignalNotificationServiceExtension.appex in Copy Files */ = {isa = PBXBuildFile; fileRef = 3B98425667174350A9C046AC /* OneSignalNotificationServiceExtension.appex */; };
		6AE17E74DCD74E58B4631BBB /* OneSignalNotificationServiceExtension.appex in Copy Files */ = {isa = PBXBuildFile; fileRef = 21212C641E2F488EB3F7C35A /* OneSignalNotificationServiceExtension.appex */; };
		309CB1ED3D4F440D808FCF54 /* OneSignalNotificationServiceExtension.appex in Copy Files */ = {isa = PBXBuildFile; fileRef = 5485FB93095F4E15A2702C30 /* OneSignalNotificationServiceExtension.appex */; };
/* End PBXBuildFile section */

/* Begin PBXFileReference section */
		13B07F961A680F5B00A75B9A /* igniteshoes.app */ = {isa = PBXFileReference; explicitFileType = wrapper.application; includeInIndex = 0; path = igniteshoes.app; sourceTree = BUILT_PRODUCTS_DIR; };
		13B07FAF1A68108700A75B9A /* AppDelegate.h */ = {isa = PBXFileReference; fileEncoding = 4; lastKnownFileType = sourcecode.c.h; name = AppDelegate.h; path = igniteshoes/AppDelegate.h; sourceTree = "<group>"; };
		13B07FB01A68108700A75B9A /* AppDelegate.mm */ = {isa = PBXFileReference; fileEncoding = 4; lastKnownFileType = sourcecode.cpp.objcpp; name = AppDelegate.mm; path = igniteshoes/AppDelegate.mm; sourceTree = "<group>"; };
		13B07FB51A68108700A75B9A /* Images.xcassets */ = {isa = PBXFileReference; lastKnownFileType = folder.assetcatalog; name = Images.xcassets; path = igniteshoes/Images.xcassets; sourceTree = "<group>"; };
		13B07FB61A68108700A75B9A /* Info.plist */ = {isa = PBXFileReference; fileEncoding = 4; lastKnownFileType = text.plist.xml; name = Info.plist; path = igniteshoes/Info.plist; sourceTree = "<group>"; };
		13B07FB71A68108700A75B9A /* main.m */ = {isa = PBXFileReference; fileEncoding = 4; lastKnownFileType = sourcecode.c.objc; name = main.m; path = igniteshoes/main.m; sourceTree = "<group>"; };
		58EEBF8E8E6FB1BC6CAF49B5 /* libPods-igniteshoes.a */ = {isa = PBXFileReference; explicitFileType = archive.ar; includeInIndex = 0; path = "libPods-igniteshoes.a"; sourceTree = BUILT_PRODUCTS_DIR; };
		6C2E3173556A471DD304B334 /* Pods-igniteshoes.debug.xcconfig */ = {isa = PBXFileReference; includeInIndex = 1; lastKnownFileType = text.xcconfig; name = "Pods-igniteshoes.debug.xcconfig"; path = "Target Support Files/Pods-igniteshoes/Pods-igniteshoes.debug.xcconfig"; sourceTree = "<group>"; };
		7A4D352CD337FB3A3BF06240 /* Pods-igniteshoes.release.xcconfig */ = {isa = PBXFileReference; includeInIndex = 1; lastKnownFileType = text.xcconfig; name = "Pods-igniteshoes.release.xcconfig"; path = "Target Support Files/Pods-igniteshoes/Pods-igniteshoes.release.xcconfig"; sourceTree = "<group>"; };
		AA286B85B6C04FC6940260E9 /* SplashScreen.storyboard */ = {isa = PBXFileReference; fileEncoding = 4; lastKnownFileType = file.storyboard; name = SplashScreen.storyboard; path = igniteshoes/SplashScreen.storyboard; sourceTree = "<group>"; };
		BB2F792C24A3F905000567C9 /* Expo.plist */ = {isa = PBXFileReference; fileEncoding = 4; lastKnownFileType = text.plist.xml; path = Expo.plist; sourceTree = "<group>"; };
		ED297162215061F000B7C4FE /* JavaScriptCore.framework */ = {isa = PBXFileReference; lastKnownFileType = wrapper.framework; name = JavaScriptCore.framework; path = System/Library/Frameworks/JavaScriptCore.framework; sourceTree = SDKROOT; };
		FAC715A2D49A985799AEE119 /* ExpoModulesProvider.swift */ = {isa = PBXFileReference; includeInIndex = 1; lastKnownFileType = sourcecode.swift; name = ExpoModulesProvider.swift; path = "Pods/Target Support Files/Pods-igniteshoes/ExpoModulesProvider.swift"; sourceTree = "<group>"; };
		3D90D38D04C443D78079F900 /* noop-file.swift */ = {isa = PBXFileReference; name = "noop-file.swift"; path = "igniteshoes/noop-file.swift"; sourceTree = "<group>"; fileEncoding = 4; lastKnownFileType = sourcecode.swift; explicitFileType = undefined; includeInIndex = 0; };
		BEA26C883F6647209CC23644 /* igniteshoes-Bridging-Header.h */ = {isa = PBXFileReference; name = "igniteshoes-Bridging-Header.h"; path = "igniteshoes/igniteshoes-Bridging-Header.h"; sourceTree = "<group>"; fileEncoding = 4; lastKnownFileType = sourcecode.c.h; explicitFileType = undefined; includeInIndex = 0; };
		3C16EBA8DB364DDFA68FA7CF /* NotificationService.h */ = {isa = PBXFileReference; name = "NotificationService.h"; path = "NotificationService.h"; sourceTree = "<group>"; fileEncoding = 4; lastKnownFileType = sourcecode.c.h; explicitFileType = undefined; includeInIndex = 0; };
		467E623290AA46F19EDA6061 /* OneSignalNotificationServiceExtension.entitlements */ = {isa = PBXFileReference; name = "OneSignalNotificationServiceExtension.entitlements"; path = "OneSignalNotificationServiceExtension.entitlements"; sourceTree = "<group>"; fileEncoding = undefined; lastKnownFileType = unknown; explicitFileType = undefined; includeInIndex = 0; };
		FD3F0B1D5B114582A50BB47A /* OneSignalNotificationServiceExtension-Info.plist */ = {isa = PBXFileReference; name = "OneSignalNotificationServiceExtension-Info.plist"; path = "OneSignalNotificationServiceExtension-Info.plist"; sourceTree = "<group>"; fileEncoding = 4; lastKnownFileType = text.plist.xml; explicitFileType = undefined; includeInIndex = 0; };
		0CB877F38D1E4EF1A675DE9A /* NotificationService.m */ = {isa = PBXFileReference; name = "NotificationService.m"; path = "NotificationService.m"; sourceTree = "<group>"; fileEncoding = 4; lastKnownFileType = sourcecode.c.objc; explicitFileType = undefined; includeInIndex = 0; };
		996A2FC236864D9494A35806 /* OneSignalNotificationServiceExtension.appex */ = {isa = PBXFileReference; name = "OneSignalNotificationServiceExtension.appex"; path = "OneSignalNotificationServiceExtension.appex"; sourceTree = BUILT_PRODUCTS_DIR; fileEncoding = undefined; lastKnownFileType = undefined; explicitFileType = "wrapper.app-extension"; includeInIndex = 0; };
		3B98425667174350A9C046AC /* OneSignalNotificationServiceExtension.appex */ = {isa = PBXFileReference; name = "OneSignalNotificationServiceExtension.appex"; path = "OneSignalNotificationServiceExtension.appex"; sourceTree = BUILT_PRODUCTS_DIR; fileEncoding = undefined; lastKnownFileType = undefined; explicitFileType = "wrapper.app-extension"; includeInIndex = 0; };
		21212C641E2F488EB3F7C35A /* OneSignalNotificationServiceExtension.appex */ = {isa = PBXFileReference; name = "OneSignalNotificationServiceExtension.appex"; path = "OneSignalNotificationServiceExtension.appex"; sourceTree = BUILT_PRODUCTS_DIR; fileEncoding = undefined; lastKnownFileType = undefined; explicitFileType = "wrapper.app-extension"; includeInIndex = 0; };
		5485FB93095F4E15A2702C30 /* OneSignalNotificationServiceExtension.appex */ = {isa = PBXFileReference; name = "OneSignalNotificationServiceExtension.appex"; path = "OneSignalNotificationServiceExtension.appex"; sourceTree = BUILT_PRODUCTS_DIR; fileEncoding = undefined; lastKnownFileType = undefined; explicitFileType = "wrapper.app-extension"; includeInIndex = 0; };
/* End PBXFileReference section */

/* Begin PBXFrameworksBuildPhase section */
		13B07F8C1A680F5B00A75B9A /* Frameworks */ = {
			isa = PBXFrameworksBuildPhase;
			buildActionMask = 2147483647;
			files = (
				96905EF65AED1B983A6B3ABC /* libPods-igniteshoes.a in Frameworks */,
			);
			runOnlyForDeploymentPostprocessing = 0;
		};
		AB5250666ACB44DC91B0F583 /* Frameworks */ = {
			isa = PBXFrameworksBuildPhase;
			buildActionMask = 2147483647;
			files = (
			);
			runOnlyForDeploymentPostprocessing = 0;
		};
		AE6BDFDA27774590A10DEAC2 /* Frameworks */ = {
			isa = PBXFrameworksBuildPhase;
			buildActionMask = 2147483647;
			files = (
			);
			runOnlyForDeploymentPostprocessing = 0;
		};
		0B64149FB1D84EC4BC138EC0 /* Frameworks */ = {
			isa = PBXFrameworksBuildPhase;
			buildActionMask = 2147483647;
			files = (
			);
			runOnlyForDeploymentPostprocessing = 0;
		};
		2F2B27DF6F2646A29B03B9BB /* Frameworks */ = {
			isa = PBXFrameworksBuildPhase;
			buildActionMask = 2147483647;
			files = (
			);
			runOnlyForDeploymentPostprocessing = 0;
		};
/* End PBXFrameworksBuildPhase section */

/* Begin PBXGroup section */
		13B07FAE1A68108700A75B9A /* igniteshoes */ = {
			isa = PBXGroup;
			children = (
				BB2F792B24A3F905000567C9 /* Supporting */,
				13B07FAF1A68108700A75B9A /* AppDelegate.h */,
				13B07FB01A68108700A75B9A /* AppDelegate.mm */,
				13B07FB51A68108700A75B9A /* Images.xcassets */,
				13B07FB61A68108700A75B9A /* Info.plist */,
				13B07FB71A68108700A75B9A /* main.m */,
				AA286B85B6C04FC6940260E9 /* SplashScreen.storyboard */,
				3D90D38D04C443D78079F900 /* noop-file.swift */,
				BEA26C883F6647209CC23644 /* igniteshoes-Bridging-Header.h */,
			);
			name = igniteshoes;
			sourceTree = "<group>";
		};
		2D16E6871FA4F8E400B85C8A /* Frameworks */ = {
			isa = PBXGroup;
			children = (
				ED297162215061F000B7C4FE /* JavaScriptCore.framework */,
				58EEBF8E8E6FB1BC6CAF49B5 /* libPods-igniteshoes.a */,
			);
			name = Frameworks;
			sourceTree = "<group>";
		};
		832341AE1AAA6A7D00B99B32 /* Libraries */ = {
			isa = PBXGroup;
			children = (
			);
			name = Libraries;
			sourceTree = "<group>";
		};
		83CBB9F61A601CBA00E9B192 = {
			isa = PBXGroup;
			children = (
				13B07FAE1A68108700A75B9A /* igniteshoes */,
				832341AE1AAA6A7D00B99B32 /* Libraries */,
				83CBBA001A601CBA00E9B192 /* Products */,
				2D16E6871FA4F8E400B85C8A /* Frameworks */,
				D65327D7A22EEC0BE12398D9 /* Pods */,
				D7E4C46ADA2E9064B798F356 /* ExpoModulesProviders */,
				85C874E434A54D17B79FDC2F /* OneSignalNotificationServiceExtension */,
				370263270F464D8DB2F54B0C /* OneSignalNotificationServiceExtension */,
				C5D177433260456C8B077F5E /* OneSignalNotificationServiceExtension */,
				1D5A7243DDD549CFA49F141C /* OneSignalNotificationServiceExtension */,
			);
			indentWidth = 2;
			sourceTree = "<group>";
			tabWidth = 2;
			usesTabs = 0;
		};
		83CBBA001A601CBA00E9B192 /* Products */ = {
			isa = PBXGroup;
			children = (
				13B07F961A680F5B00A75B9A /* igniteshoes.app */,
				996A2FC236864D9494A35806 /* OneSignalNotificationServiceExtension.appex */,
				3B98425667174350A9C046AC /* OneSignalNotificationServiceExtension.appex */,
				21212C641E2F488EB3F7C35A /* OneSignalNotificationServiceExtension.appex */,
				5485FB93095F4E15A2702C30 /* OneSignalNotificationServiceExtension.appex */,
			);
			name = Products;
			sourceTree = "<group>";
		};
		92DBD88DE9BF7D494EA9DA96 /* igniteshoes */ = {
			isa = PBXGroup;
			children = (
				FAC715A2D49A985799AEE119 /* ExpoModulesProvider.swift */,
			);
			name = igniteshoes;
			sourceTree = "<group>";
		};
		BB2F792B24A3F905000567C9 /* Supporting */ = {
			isa = PBXGroup;
			children = (
				BB2F792C24A3F905000567C9 /* Expo.plist */,
			);
			name = Supporting;
			path = igniteshoes/Supporting;
			sourceTree = "<group>";
		};
		D65327D7A22EEC0BE12398D9 /* Pods */ = {
			isa = PBXGroup;
			children = (
				6C2E3173556A471DD304B334 /* Pods-igniteshoes.debug.xcconfig */,
				7A4D352CD337FB3A3BF06240 /* Pods-igniteshoes.release.xcconfig */,
				85C874E434A54D17B79FDC2F /* OneSignalNotificationServiceExtension */,
				370263270F464D8DB2F54B0C /* OneSignalNotificationServiceExtension */,
				C5D177433260456C8B077F5E /* OneSignalNotificationServiceExtension */,
				1D5A7243DDD549CFA49F141C /* OneSignalNotificationServiceExtension */,
			);
			path = Pods;
			sourceTree = "<group>";
		};
		D7E4C46ADA2E9064B798F356 /* ExpoModulesProviders */ = {
			isa = PBXGroup;
			children = (
				92DBD88DE9BF7D494EA9DA96 /* igniteshoes */,
			);
			name = ExpoModulesProviders;
			sourceTree = "<group>";
		};
		85C874E434A54D17B79FDC2F /* OneSignalNotificationServiceExtension */ = {
			isa = PBXGroup;
			children = (
				3C16EBA8DB364DDFA68FA7CF /* NotificationService.h */,
				467E623290AA46F19EDA6061 /* OneSignalNotificationServiceExtension.entitlements */,
				FD3F0B1D5B114582A50BB47A /* OneSignalNotificationServiceExtension-Info.plist */,
				0CB877F38D1E4EF1A675DE9A /* NotificationService.m */,
			);
			name = OneSignalNotificationServiceExtension;
			path = OneSignalNotificationServiceExtension;
			sourceTree = "<group>";
		};
		370263270F464D8DB2F54B0C /* OneSignalNotificationServiceExtension */ = {
			isa = PBXGroup;
			children = (
				3C16EBA8DB364DDFA68FA7CF /* NotificationService.h */,
				467E623290AA46F19EDA6061 /* OneSignalNotificationServiceExtension.entitlements */,
				FD3F0B1D5B114582A50BB47A /* OneSignalNotificationServiceExtension-Info.plist */,
				0CB877F38D1E4EF1A675DE9A /* NotificationService.m */,
			);
			name = OneSignalNotificationServiceExtension;
			path = OneSignalNotificationServiceExtension;
			sourceTree = "<group>";
		};
		C5D177433260456C8B077F5E /* OneSignalNotificationServiceExtension */ = {
			isa = PBXGroup;
			children = (
				3C16EBA8DB364DDFA68FA7CF /* NotificationService.h */,
				467E623290AA46F19EDA6061 /* OneSignalNotificationServiceExtension.entitlements */,
				FD3F0B1D5B114582A50BB47A /* OneSignalNotificationServiceExtension-Info.plist */,
				0CB877F38D1E4EF1A675DE9A /* NotificationService.m */,
			);
			name = OneSignalNotificationServiceExtension;
			path = OneSignalNotificationServiceExtension;
			sourceTree = "<group>";
		};
		1D5A7243DDD549CFA49F141C /* OneSignalNotificationServiceExtension */ = {
			isa = PBXGroup;
			children = (
				3C16EBA8DB364DDFA68FA7CF /* NotificationService.h */,
				467E623290AA46F19EDA6061 /* OneSignalNotificationServiceExtension.entitlements */,
				FD3F0B1D5B114582A50BB47A /* OneSignalNotificationServiceExtension-Info.plist */,
				0CB877F38D1E4EF1A675DE9A /* NotificationService.m */,
			);
			name = OneSignalNotificationServiceExtension;
			path = OneSignalNotificationServiceExtension;
			sourceTree = "<group>";
		};
/* End PBXGroup section */

/* Begin PBXNativeTarget section */
		13B07F861A680F5B00A75B9A /* igniteshoes */ = {
			isa = PBXNativeTarget;
			buildConfigurationList = 13B07F931A680F5B00A75B9A /* Build configuration list for PBXNativeTarget "igniteshoes" */;
			buildPhases = (
				08A4A3CD28434E44B6B9DE2E /* [CP] Check Pods Manifest.lock */,
				13B07F871A680F5B00A75B9A /* Sources */,
				13B07F8C1A680F5B00A75B9A /* Frameworks */,
				13B07F8E1A680F5B00A75B9A /* Resources */,
				00DD1BFF1BD5951E006B06BC /* Bundle React Native code and images */,
				800E24972A6A228C8D4807E9 /* [CP] Copy Pods Resources */,
				CD520F8F3F464743BB0E1A90 /* Copy Files */,
				280886B469404129B89B76FD /* Copy Files */,
				2204A7C10DDE4CE1A213E0E8 /* Copy Files */,
				00FFDFE04F3F48498AC98659 /* Copy Files */,
			);
			buildRules = (
			);
			dependencies = (
				05288D0749F642908AEFA956 /* PBXTargetDependency */,
				9B27C3B2BA104507A5C01299 /* PBXTargetDependency */,
				7B15D2F13CD74331BCAC7088 /* PBXTargetDependency */,
				55853F4CDB0A4185A26DEF81 /* PBXTargetDependency */,
			);
			name = igniteshoes;
			productName = igniteshoes;
			productReference = 13B07F961A680F5B00A75B9A /* igniteshoes.app */;
			productType = "com.apple.product-type.application";
		};
		E54416045FC34391B117EFE1 /* "OneSignalNotificationServiceExtension" */ = {
			isa = PBXNativeTarget;
			name = "OneSignalNotificationServiceExtension";
			productName = "OneSignalNotificationServiceExtension";
			productReference = 996A2FC236864D9494A35806;
			productType = "com.apple.product-type.app-extension";
			buildConfigurationList = 11F67A18F95446AC9D9AB880;
			buildPhases = (
				FDD741A549DD42FC99D50646 /* Sources */,
				276B3E2099744C8E804859CF /* Resources */,
				AB5250666ACB44DC91B0F583 /* Frameworks */,
			);
			buildRules = (
			);
			dependencies = (
			);
		};
		35B6D3BA84FF424D8B90F237 /* "OneSignalNotificationServiceExtension" */ = {
			isa = PBXNativeTarget;
			name = "OneSignalNotificationServiceExtension";
			productName = "OneSignalNotificationServiceExtension";
			productReference = 3B98425667174350A9C046AC;
			productType = "com.apple.product-type.app-extension";
			buildConfigurationList = 674928C0E55544FB87BC0226;
			buildPhases = (
				154050A1D05D4228AEE44F2A /* Sources */,
				B19FDB4DABF94352AAC66256 /* Resources */,
				AE6BDFDA27774590A10DEAC2 /* Frameworks */,
			);
			buildRules = (
			);
			dependencies = (
			);
		};
		07CFC37F957B4C7693C27343 /* "OneSignalNotificationServiceExtension" */ = {
			isa = PBXNativeTarget;
			name = "OneSignalNotificationServiceExtension";
			productName = "OneSignalNotificationServiceExtension";
			productReference = 21212C641E2F488EB3F7C35A;
			productType = "com.apple.product-type.app-extension";
			buildConfigurationList = C354A83C0E62463BA3964667;
			buildPhases = (
				AA3DAB2E33AE4C85AC4CFB1A /* Sources */,
				9BF7EF79107047A1AF1B1DBA /* Resources */,
				0B64149FB1D84EC4BC138EC0 /* Frameworks */,
			);
			buildRules = (
			);
			dependencies = (
			);
		};
		4254431691954C2E8919F93B /* "OneSignalNotificationServiceExtension" */ = {
			isa = PBXNativeTarget;
			name = "OneSignalNotificationServiceExtension";
			productName = "OneSignalNotificationServiceExtension";
			productReference = 5485FB93095F4E15A2702C30;
			productType = "com.apple.product-type.app-extension";
			buildConfigurationList = C4072F1822914EB5BECC7DD4;
			buildPhases = (
				C4759BF506A54B44B4464BF7 /* Sources */,
				1319D502B1FE4BE7959B56FB /* Resources */,
				2F2B27DF6F2646A29B03B9BB /* Frameworks */,
			);
			buildRules = (
			);
			dependencies = (
			);
		};
/* End PBXNativeTarget section */

/* Begin PBXProject section */
		83CBB9F71A601CBA00E9B192 /* Project object */ = {
			isa = PBXProject;
			attributes = {
				LastUpgradeCheck = 1130;
				TargetAttributes = {
					13B07F861A680F5B00A75B9A = {
						LastSwiftMigration = 1250;
						DevelopmentTeam = undefined;
					};
					E54416045FC34391B117EFE1 = {
						DevelopmentTeam = undefined;
					};
					35B6D3BA84FF424D8B90F237 = {
						DevelopmentTeam = undefined;
					};
					07CFC37F957B4C7693C27343 = {
						DevelopmentTeam = undefined;
					};
					4254431691954C2E8919F93B = {
						DevelopmentTeam = undefined;
					};
				};
			};
			buildConfigurationList = 83CBB9FA1A601CBA00E9B192 /* Build configuration list for PBXProject "igniteshoes" */;
			compatibilityVersion = "Xcode 3.2";
			developmentRegion = en;
			hasScannedForEncodings = 0;
			knownRegions = (
				en,
				Base,
			);
			mainGroup = 83CBB9F61A601CBA00E9B192;
			productRefGroup = 83CBBA001A601CBA00E9B192 /* Products */;
			projectDirPath = "";
			projectRoot = "";
			targets = (
				13B07F861A680F5B00A75B9A /* igniteshoes */,
				E54416045FC34391B117EFE1 /* "OneSignalNotificationServiceExtension" */,
				35B6D3BA84FF424D8B90F237 /* "OneSignalNotificationServiceExtension" */,
				07CFC37F957B4C7693C27343 /* "OneSignalNotificationServiceExtension" */,
				4254431691954C2E8919F93B /* "OneSignalNotificationServiceExtension" */,
			);
		};
/* End PBXProject section */

/* Begin PBXResourcesBuildPhase section */
		13B07F8E1A680F5B00A75B9A /* Resources */ = {
			isa = PBXResourcesBuildPhase;
			buildActionMask = 2147483647;
			files = (
				BB2F792D24A3F905000567C9 /* Expo.plist in Resources */,
				13B07FBF1A68108700A75B9A /* Images.xcassets in Resources */,
				3E461D99554A48A4959DE609 /* SplashScreen.storyboard in Resources */,
				DA108654AE104306B7606E2C /* igniteshoes-Bridging-Header.h in Resources */,
			);
			runOnlyForDeploymentPostprocessing = 0;
		};
		276B3E2099744C8E804859CF /* Resources */ = {
			isa = PBXResourcesBuildPhase;
			buildActionMask = 2147483647;
			files = (
			);
			runOnlyForDeploymentPostprocessing = 0;
		};
		B19FDB4DABF94352AAC66256 /* Resources */ = {
			isa = PBXResourcesBuildPhase;
			buildActionMask = 2147483647;
			files = (
			);
			runOnlyForDeploymentPostprocessing = 0;
		};
		9BF7EF79107047A1AF1B1DBA /* Resources */ = {
			isa = PBXResourcesBuildPhase;
			buildActionMask = 2147483647;
			files = (
			);
			runOnlyForDeploymentPostprocessing = 0;
		};
		1319D502B1FE4BE7959B56FB /* Resources */ = {
			isa = PBXResourcesBuildPhase;
			buildActionMask = 2147483647;
			files = (
			);
			runOnlyForDeploymentPostprocessing = 0;
		};
/* End PBXResourcesBuildPhase section */

/* Begin PBXShellScriptBuildPhase section */
		00DD1BFF1BD5951E006B06BC /* Bundle React Native code and images */ = {
			isa = PBXShellScriptBuildPhase;
			alwaysOutOfDate = 1;
			buildActionMask = 2147483647;
			files = (
			);
			inputPaths = (
			);
			name = "Bundle React Native code and images";
			outputPaths = (
			);
			runOnlyForDeploymentPostprocessing = 0;
			shellPath = /bin/sh;
			shellScript = "if [[ -f \"$PODS_ROOT/../.xcode.env\" ]]; then\n  source \"$PODS_ROOT/../.xcode.env\"\nfi\nif [[ -f \"$PODS_ROOT/../.xcode.env.local\" ]]; then\n  source \"$PODS_ROOT/../.xcode.env.local\"\nfi\n\n# The project root by default is one level up from the ios directory\nexport PROJECT_ROOT=\"$PROJECT_DIR\"/..\n\nif [[ \"$CONFIGURATION\" = *Debug* ]]; then\n  export SKIP_BUNDLING=1\nfi\nif [[ -z \"$ENTRY_FILE\" ]]; then\n  # Set the entry JS file using the bundler's entry resolution.\n  export ENTRY_FILE=\"$(\"$NODE_BINARY\" -e \"require('expo/scripts/resolveAppEntry')\" \"$PROJECT_ROOT\" ios absolute | tail -n 1)\"\nfi\n\nif [[ -z \"$CLI_PATH\" ]]; then\n  # Use Expo CLI\n  export CLI_PATH=\"$(\"$NODE_BINARY\" --print \"require.resolve('@expo/cli', { paths: [require.resolve('expo/package.json')] })\")\"\nfi\nif [[ -z \"$BUNDLE_COMMAND\" ]]; then\n  # Default Expo CLI command for bundling\n  export BUNDLE_COMMAND=\"export:embed\"\nfi\n\n# Source .xcode.env.updates if it exists to allow\n# SKIP_BUNDLING to be unset if needed\nif [[ -f \"$PODS_ROOT/../.xcode.env.updates\" ]]; then\n  source \"$PODS_ROOT/../.xcode.env.updates\"\nfi\n# Source local changes to allow overrides\n# if needed\nif [[ -f \"$PODS_ROOT/../.xcode.env.local\" ]]; then\n  source \"$PODS_ROOT/../.xcode.env.local\"\nfi\n\n`\"$NODE_BINARY\" --print \"require('path').dirname(require.resolve('react-native/package.json')) + '/scripts/react-native-xcode.sh'\"`\n\n";
		};
		08A4A3CD28434E44B6B9DE2E /* [CP] Check Pods Manifest.lock */ = {
			isa = PBXShellScriptBuildPhase;
			buildActionMask = 2147483647;
			files = (
			);
			inputFileListPaths = (
			);
			inputPaths = (
				"${PODS_PODFILE_DIR_PATH}/Podfile.lock",
				"${PODS_ROOT}/Manifest.lock",
			);
			name = "[CP] Check Pods Manifest.lock";
			outputFileListPaths = (
			);
			outputPaths = (
				"$(DERIVED_FILE_DIR)/Pods-igniteshoes-checkManifestLockResult.txt",
			);
			runOnlyForDeploymentPostprocessing = 0;
			shellPath = /bin/sh;
			shellScript = "diff \"${PODS_PODFILE_DIR_PATH}/Podfile.lock\" \"${PODS_ROOT}/Manifest.lock\" > /dev/null\nif [ $? != 0 ] ; then\n    # print error to STDERR\n    echo \"error: The sandbox is not in sync with the Podfile.lock. Run 'pod install' or update your CocoaPods installation.\" >&2\n    exit 1\nfi\n# This output is used by Xcode 'outputs' to avoid re-running this script phase.\necho \"SUCCESS\" > \"${SCRIPT_OUTPUT_FILE_0}\"\n";
			showEnvVarsInLog = 0;
		};
		800E24972A6A228C8D4807E9 /* [CP] Copy Pods Resources */ = {
			isa = PBXShellScriptBuildPhase;
			buildActionMask = 2147483647;
			files = (
			);
			inputPaths = (
				"${PODS_ROOT}/Target Support Files/Pods-igniteshoes/Pods-igniteshoes-resources.sh",
				"${PODS_CONFIGURATION_BUILD_DIR}/EXConstants/EXConstants.bundle",
				"${PODS_CONFIGURATION_BUILD_DIR}/EXUpdates/EXUpdates.bundle",
				"${PODS_CONFIGURATION_BUILD_DIR}/React-Core/RCTI18nStrings.bundle",
			);
			name = "[CP] Copy Pods Resources";
			outputPaths = (
				"${TARGET_BUILD_DIR}/${UNLOCALIZED_RESOURCES_FOLDER_PATH}/EXConstants.bundle",
				"${TARGET_BUILD_DIR}/${UNLOCALIZED_RESOURCES_FOLDER_PATH}/EXUpdates.bundle",
				"${TARGET_BUILD_DIR}/${UNLOCALIZED_RESOURCES_FOLDER_PATH}/RCTI18nStrings.bundle",
			);
			runOnlyForDeploymentPostprocessing = 0;
			shellPath = /bin/sh;
			shellScript = "\"${PODS_ROOT}/Target Support Files/Pods-igniteshoes/Pods-igniteshoes-resources.sh\"\n";
			showEnvVarsInLog = 0;
		};
/* End PBXShellScriptBuildPhase section */

/* Begin PBXSourcesBuildPhase section */
		13B07F871A680F5B00A75B9A /* Sources */ = {
			isa = PBXSourcesBuildPhase;
			buildActionMask = 2147483647;
			files = (
				13B07FBC1A68108700A75B9A /* AppDelegate.mm in Sources */,
				13B07FC11A68108700A75B9A /* main.m in Sources */,
				B18059E884C0ABDD17F3DC3D /* ExpoModulesProvider.swift in Sources */,
				ED5B7E4B320C42D68888B77E /* noop-file.swift in Sources */,
			);
			runOnlyForDeploymentPostprocessing = 0;
		};
		FDD741A549DD42FC99D50646 /* Sources */ = {
			isa = PBXSourcesBuildPhase;
			buildActionMask = 2147483647;
			files = (
				E2F0FEFAC46E4F3BA02088F6 /* "NotificationService.m" in Sources */,
			);
			runOnlyForDeploymentPostprocessing = 0;
		};
		154050A1D05D4228AEE44F2A /* Sources */ = {
			isa = PBXSourcesBuildPhase;
			buildActionMask = 2147483647;
			files = (
				E2F0FEFAC46E4F3BA02088F6 /* "NotificationService.m" in Sources */,
			);
			runOnlyForDeploymentPostprocessing = 0;
		};
		AA3DAB2E33AE4C85AC4CFB1A /* Sources */ = {
			isa = PBXSourcesBuildPhase;
			buildActionMask = 2147483647;
			files = (
				E2F0FEFAC46E4F3BA02088F6 /* "NotificationService.m" in Sources */,
			);
			runOnlyForDeploymentPostprocessing = 0;
		};
		C4759BF506A54B44B4464BF7 /* Sources */ = {
			isa = PBXSourcesBuildPhase;
			buildActionMask = 2147483647;
			files = (
				E2F0FEFAC46E4F3BA02088F6 /* "NotificationService.m" in Sources */,
			);
			runOnlyForDeploymentPostprocessing = 0;
		};
/* End PBXSourcesBuildPhase section */

/* Begin XCBuildConfiguration section */
		13B07F941A680F5B00A75B9A /* Debug */ = {
			isa = XCBuildConfiguration;
			baseConfigurationReference = 6C2E3173556A471DD304B334 /* Pods-igniteshoes.debug.xcconfig */;
			buildSettings = {
				ASSETCATALOG_COMPILER_APPICON_NAME = AppIcon;
				CLANG_ENABLE_MODULES = YES;
				CURRENT_PROJECT_VERSION = 1;
				ENABLE_BITCODE = NO;
				GCC_PREPROCESSOR_DEFINITIONS = (
					"$(inherited)",
					"FB_SONARKIT_ENABLED=1",
				);
				INFOPLIST_FILE = igniteshoes/Info.plist;
				IPHONEOS_DEPLOYMENT_TARGET = 15.1;
				LD_RUNPATH_SEARCH_PATHS = "$(inherited) @executable_path/Frameworks";
				MARKETING_VERSION = 1.0;
				OTHER_LDFLAGS = (
					"$(inherited)",
					"-ObjC",
					"-lc++",
				);
				PRODUCT_BUNDLE_IDENTIFIER = "com.rocketseat.igniteshoes";
				PRODUCT_NAME = "igniteshoes";
				SWIFT_OPTIMIZATION_LEVEL = "-Onone";
				SWIFT_VERSION = 5.0;
				VERSIONING_SYSTEM = "apple-generic";
				TARGETED_DEVICE_FAMILY = "1,2";
				SWIFT_OBJC_BRIDGING_HEADER = igniteshoes/igniteshoes-Bridging-Header.h;
				CODE_SIGN_ENTITLEMENTS = igniteshoes/igniteshoes.entitlements;
			};
			name = Debug;
		};
		13B07F951A680F5B00A75B9A /* Release */ = {
			isa = XCBuildConfiguration;
			baseConfigurationReference = 7A4D352CD337FB3A3BF06240 /* Pods-igniteshoes.release.xcconfig */;
			buildSettings = {
				ASSETCATALOG_COMPILER_APPICON_NAME = AppIcon;
				CLANG_ENABLE_MODULES = YES;
				CURRENT_PROJECT_VERSION = 1;
				INFOPLIST_FILE = igniteshoes/Info.plist;
				IPHONEOS_DEPLOYMENT_TARGET = 15.1;
				LD_RUNPATH_SEARCH_PATHS = "$(inherited) @executable_path/Frameworks";
				MARKETING_VERSION = 1.0;
				OTHER_LDFLAGS = (
					"$(inherited)",
					"-ObjC",
					"-lc++",
				);
				PRODUCT_BUNDLE_IDENTIFIER = "com.rocketseat.igniteshoes";
				PRODUCT_NAME = "igniteshoes";
				SWIFT_VERSION = 5.0;
				VERSIONING_SYSTEM = "apple-generic";
				TARGETED_DEVICE_FAMILY = "1,2";
				SWIFT_OBJC_BRIDGING_HEADER = igniteshoes/igniteshoes-Bridging-Header.h;
				CODE_SIGN_ENTITLEMENTS = igniteshoes/igniteshoes.entitlements;
			};
			name = Release;
		};
		83CBBA201A601CBA00E9B192 /* Debug */ = {
			isa = XCBuildConfiguration;
			buildSettings = {
				ALWAYS_SEARCH_USER_PATHS = NO;
				CLANG_ANALYZER_LOCALIZABILITY_NONLOCALIZED = YES;
				CLANG_CXX_LANGUAGE_STANDARD = "c++20";
				CLANG_CXX_LIBRARY = "libc++";
				CLANG_ENABLE_MODULES = YES;
				CLANG_ENABLE_OBJC_ARC = YES;
				CLANG_WARN_BLOCK_CAPTURE_AUTORELEASING = YES;
				CLANG_WARN_BOOL_CONVERSION = YES;
				CLANG_WARN_COMMA = YES;
				CLANG_WARN_CONSTANT_CONVERSION = YES;
				CLANG_WARN_DEPRECATED_OBJC_IMPLEMENTATIONS = YES;
				CLANG_WARN_DIRECT_OBJC_ISA_USAGE = YES_ERROR;
				CLANG_WARN_EMPTY_BODY = YES;
				CLANG_WARN_ENUM_CONVERSION = YES;
				CLANG_WARN_INFINITE_RECURSION = YES;
				CLANG_WARN_INT_CONVERSION = YES;
				CLANG_WARN_NON_LITERAL_NULL_CONVERSION = YES;
				CLANG_WARN_OBJC_IMPLICIT_RETAIN_SELF = YES;
				CLANG_WARN_OBJC_LITERAL_CONVERSION = YES;
				CLANG_WARN_OBJC_ROOT_CLASS = YES_ERROR;
				CLANG_WARN_RANGE_LOOP_ANALYSIS = YES;
				CLANG_WARN_STRICT_PROTOTYPES = YES;
				CLANG_WARN_SUSPICIOUS_MOVE = YES;
				CLANG_WARN_UNREACHABLE_CODE = YES;
				CLANG_WARN__DUPLICATE_METHOD_MATCH = YES;
				"CODE_SIGN_IDENTITY[sdk=iphoneos*]" = "iPhone Developer";
				COPY_PHASE_STRIP = NO;
				ENABLE_STRICT_OBJC_MSGSEND = YES;
				ENABLE_TESTABILITY = YES;
				GCC_C_LANGUAGE_STANDARD = gnu99;
				GCC_DYNAMIC_NO_PIC = NO;
				GCC_NO_COMMON_BLOCKS = YES;
				GCC_OPTIMIZATION_LEVEL = 0;
				GCC_PREPROCESSOR_DEFINITIONS = (
					"DEBUG=1",
					"$(inherited)",
				);
				GCC_SYMBOLS_PRIVATE_EXTERN = NO;
				GCC_WARN_64_TO_32_BIT_CONVERSION = YES;
				GCC_WARN_ABOUT_RETURN_TYPE = YES_ERROR;
				GCC_WARN_UNDECLARED_SELECTOR = YES;
				GCC_WARN_UNINITIALIZED_AUTOS = YES_AGGRESSIVE;
				GCC_WARN_UNUSED_FUNCTION = YES;
				GCC_WARN_UNUSED_VARIABLE = YES;
				IPHONEOS_DEPLOYMENT_TARGET = 15.1;
				LD_RUNPATH_SEARCH_PATHS = "/usr/lib/swift $(inherited)";
				LIBRARY_SEARCH_PATHS = "\"$(inherited)\"";
				MTL_ENABLE_DEBUG_INFO = YES;
				ONLY_ACTIVE_ARCH = YES;
				SDKROOT = iphoneos;
			};
			name = Debug;
		};
		83CBBA211A601CBA00E9B192 /* Release */ = {
			isa = XCBuildConfiguration;
			buildSettings = {
				ALWAYS_SEARCH_USER_PATHS = NO;
				CLANG_ANALYZER_LOCALIZABILITY_NONLOCALIZED = YES;
				CLANG_CXX_LANGUAGE_STANDARD = "c++20";
				CLANG_CXX_LIBRARY = "libc++";
				CLANG_ENABLE_MODULES = YES;
				CLANG_ENABLE_OBJC_ARC = YES;
				CLANG_WARN_BLOCK_CAPTURE_AUTORELEASING = YES;
				CLANG_WARN_BOOL_CONVERSION = YES;
				CLANG_WARN_COMMA = YES;
				CLANG_WARN_CONSTANT_CONVERSION = YES;
				CLANG_WARN_DEPRECATED_OBJC_IMPLEMENTATIONS = YES;
				CLANG_WARN_DIRECT_OBJC_ISA_USAGE = YES_ERROR;
				CLANG_WARN_EMPTY_BODY = YES;
				CLANG_WARN_ENUM_CONVERSION = YES;
				CLANG_WARN_INFINITE_RECURSION = YES;
				CLANG_WARN_INT_CONVERSION = YES;
				CLANG_WARN_NON_LITERAL_NULL_CONVERSION = YES;
				CLANG_WARN_OBJC_IMPLICIT_RETAIN_SELF = YES;
				CLANG_WARN_OBJC_LITERAL_CONVERSION = YES;
				CLANG_WARN_OBJC_ROOT_CLASS = YES_ERROR;
				CLANG_WARN_RANGE_LOOP_ANALYSIS = YES;
				CLANG_WARN_STRICT_PROTOTYPES = YES;
				CLANG_WARN_SUSPICIOUS_MOVE = YES;
				CLANG_WARN_UNREACHABLE_CODE = YES;
				CLANG_WARN__DUPLICATE_METHOD_MATCH = YES;
				"CODE_SIGN_IDENTITY[sdk=iphoneos*]" = "iPhone Developer";
				COPY_PHASE_STRIP = YES;
				ENABLE_NS_ASSERTIONS = NO;
				ENABLE_STRICT_OBJC_MSGSEND = YES;
				GCC_C_LANGUAGE_STANDARD = gnu99;
				GCC_NO_COMMON_BLOCKS = YES;
				GCC_WARN_64_TO_32_BIT_CONVERSION = YES;
				GCC_WARN_ABOUT_RETURN_TYPE = YES_ERROR;
				GCC_WARN_UNDECLARED_SELECTOR = YES;
				GCC_WARN_UNINITIALIZED_AUTOS = YES_AGGRESSIVE;
				GCC_WARN_UNUSED_FUNCTION = YES;
				GCC_WARN_UNUSED_VARIABLE = YES;
				IPHONEOS_DEPLOYMENT_TARGET = 15.1;
				LD_RUNPATH_SEARCH_PATHS = "/usr/lib/swift $(inherited)";
				LIBRARY_SEARCH_PATHS = "\"$(inherited)\"";
				MTL_ENABLE_DEBUG_INFO = NO;
				SDKROOT = iphoneos;
				VALIDATE_PRODUCT = YES;
			};
			name = Release;
		};
		76F5ABF67B6442D49B92C0DB /* Debug */ = {
			name = Debug;
			isa = XCBuildConfiguration;
			buildSettings = {
				GCC_PREPROCESSOR_DEFINITIONS = (
					"DEBUG=1",
					"$(inherited)",
				);
				INFOPLIST_FILE = "OneSignalNotificationServiceExtension/OneSignalNotificationServiceExtension-Info.plist";
				LD_RUNPATH_SEARCH_PATHS = "$(inherited) @executable_path/Frameworks @executable_path/../../Frameworks";
				PRODUCT_NAME = "OneSignalNotificationServiceExtension";
				SKIP_INSTALL = YES;
				PRODUCT_BUNDLE_IDENTIFIER = "com.rocketseat.igniteshoes.OneSignalNotificationServiceExtension";
				DEVELOPMENT_TEAM = undefined;
				IPHONEOS_DEPLOYMENT_TARGET = 11.0;
				TARGETED_DEVICE_FAMILY = "1,2";
				CODE_SIGN_ENTITLEMENTS = OneSignalNotificationServiceExtension/OneSignalNotificationServiceExtension.entitlements;
				CODE_SIGN_STYLE = Automatic;
			};
		};
		04C56BAEBB874843AF45C193 /* Release */ = {
			name = Release;
			isa = XCBuildConfiguration;
			buildSettings = {
				INFOPLIST_FILE = "OneSignalNotificationServiceExtension/OneSignalNotificationServiceExtension-Info.plist";
				LD_RUNPATH_SEARCH_PATHS = "$(inherited) @executable_path/Frameworks @executable_path/../../Frameworks";
				PRODUCT_NAME = "OneSignalNotificationServiceExtension";
				SKIP_INSTALL = YES;
				PRODUCT_BUNDLE_IDENTIFIER = "com.rocketseat.igniteshoes.OneSignalNotificationServiceExtension";
				DEVELOPMENT_TEAM = undefined;
				IPHONEOS_DEPLOYMENT_TARGET = 11.0;
				TARGETED_DEVICE_FAMILY = "1,2";
				CODE_SIGN_ENTITLEMENTS = OneSignalNotificationServiceExtension/OneSignalNotificationServiceExtension.entitlements;
				CODE_SIGN_STYLE = Automatic;
			};
		};
		026ADCF364A447D8B4625AA6 /* Debug */ = {
			name = Debug;
			isa = XCBuildConfiguration;
			buildSettings = {
				GCC_PREPROCESSOR_DEFINITIONS = (
					"DEBUG=1",
					"$(inherited)",
				);
				INFOPLIST_FILE = "OneSignalNotificationServiceExtension/OneSignalNotificationServiceExtension-Info.plist";
				LD_RUNPATH_SEARCH_PATHS = "$(inherited) @executable_path/Frameworks @executable_path/../../Frameworks";
				PRODUCT_NAME = "OneSignalNotificationServiceExtension";
				SKIP_INSTALL = YES;
				PRODUCT_BUNDLE_IDENTIFIER = "com.rocketseat.igniteshoes.OneSignalNotificationServiceExtension";
				DEVELOPMENT_TEAM = undefined;
				IPHONEOS_DEPLOYMENT_TARGET = 11.0;
				TARGETED_DEVICE_FAMILY = "1,2";
				CODE_SIGN_ENTITLEMENTS = OneSignalNotificationServiceExtension/OneSignalNotificationServiceExtension.entitlements;
				CODE_SIGN_STYLE = Automatic;
			};
		};
		7265B45EE4264C08BC007311 /* Release */ = {
			name = Release;
			isa = XCBuildConfiguration;
			buildSettings = {
				INFOPLIST_FILE = "OneSignalNotificationServiceExtension/OneSignalNotificationServiceExtension-Info.plist";
				LD_RUNPATH_SEARCH_PATHS = "$(inherited) @executable_path/Frameworks @executable_path/../../Frameworks";
				PRODUCT_NAME = "OneSignalNotificationServiceExtension";
				SKIP_INSTALL = YES;
				PRODUCT_BUNDLE_IDENTIFIER = "com.rocketseat.igniteshoes.OneSignalNotificationServiceExtension";
				DEVELOPMENT_TEAM = undefined;
				IPHONEOS_DEPLOYMENT_TARGET = 11.0;
				TARGETED_DEVICE_FAMILY = "1,2";
				CODE_SIGN_ENTITLEMENTS = OneSignalNotificationServiceExtension/OneSignalNotificationServiceExtension.entitlements;
				CODE_SIGN_STYLE = Automatic;
			};
		};
		D2A08BFB486C43DC8224EC4B /* Debug */ = {
			name = Debug;
			isa = XCBuildConfiguration;
			buildSettings = {
				GCC_PREPROCESSOR_DEFINITIONS = (
					"DEBUG=1",
					"$(inherited)",
				);
				INFOPLIST_FILE = "OneSignalNotificationServiceExtension/OneSignalNotificationServiceExtension-Info.plist";
				LD_RUNPATH_SEARCH_PATHS = "$(inherited) @executable_path/Frameworks @executable_path/../../Frameworks";
				PRODUCT_NAME = "OneSignalNotificationServiceExtension";
				SKIP_INSTALL = YES;
				PRODUCT_BUNDLE_IDENTIFIER = "com.rocketseat.igniteshoes.OneSignalNotificationServiceExtension";
				DEVELOPMENT_TEAM = undefined;
				IPHONEOS_DEPLOYMENT_TARGET = 11.0;
				TARGETED_DEVICE_FAMILY = "1,2";
				CODE_SIGN_ENTITLEMENTS = OneSignalNotificationServiceExtension/OneSignalNotificationServiceExtension.entitlements;
				CODE_SIGN_STYLE = Automatic;
			};
		};
		3F8DDB5297D444DA82899C83 /* Release */ = {
			name = Release;
			isa = XCBuildConfiguration;
			buildSettings = {
				INFOPLIST_FILE = "OneSignalNotificationServiceExtension/OneSignalNotificationServiceExtension-Info.plist";
				LD_RUNPATH_SEARCH_PATHS = "$(inherited) @executable_path/Frameworks @executable_path/../../Frameworks";
				PRODUCT_NAME = "OneSignalNotificationServiceExtension";
				SKIP_INSTALL = YES;
				PRODUCT_BUNDLE_IDENTIFIER = "com.rocketseat.igniteshoes.OneSignalNotificationServiceExtension";
				DEVELOPMENT_TEAM = undefined;
				IPHONEOS_DEPLOYMENT_TARGET = 11.0;
				TARGETED_DEVICE_FAMILY = "1,2";
				CODE_SIGN_ENTITLEMENTS = OneSignalNotificationServiceExtension/OneSignalNotificationServiceExtension.entitlements;
				CODE_SIGN_STYLE = Automatic;
			};
		};
		904A617331F445E48560DA87 /* Debug */ = {
			name = Debug;
			isa = XCBuildConfiguration;
			buildSettings = {
				GCC_PREPROCESSOR_DEFINITIONS = (
					"DEBUG=1",
					"$(inherited)",
				);
				INFOPLIST_FILE = "OneSignalNotificationServiceExtension/OneSignalNotificationServiceExtension-Info.plist";
				LD_RUNPATH_SEARCH_PATHS = "$(inherited) @executable_path/Frameworks @executable_path/../../Frameworks";
				PRODUCT_NAME = "OneSignalNotificationServiceExtension";
				SKIP_INSTALL = YES;
				PRODUCT_BUNDLE_IDENTIFIER = "com.rocketseat.igniteshoes.OneSignalNotificationServiceExtension";
				DEVELOPMENT_TEAM = undefined;
				IPHONEOS_DEPLOYMENT_TARGET = 11.0;
				TARGETED_DEVICE_FAMILY = "1,2";
				CODE_SIGN_ENTITLEMENTS = OneSignalNotificationServiceExtension/OneSignalNotificationServiceExtension.entitlements;
				CODE_SIGN_STYLE = Automatic;
			};
		};
		41BFEED6261643F3842009C5 /* Release */ = {
			name = Release;
			isa = XCBuildConfiguration;
			buildSettings = {
				INFOPLIST_FILE = "OneSignalNotificationServiceExtension/OneSignalNotificationServiceExtension-Info.plist";
				LD_RUNPATH_SEARCH_PATHS = "$(inherited) @executable_path/Frameworks @executable_path/../../Frameworks";
				PRODUCT_NAME = "OneSignalNotificationServiceExtension";
				SKIP_INSTALL = YES;
				PRODUCT_BUNDLE_IDENTIFIER = "com.rocketseat.igniteshoes.OneSignalNotificationServiceExtension";
				DEVELOPMENT_TEAM = undefined;
				IPHONEOS_DEPLOYMENT_TARGET = 11.0;
				TARGETED_DEVICE_FAMILY = "1,2";
				CODE_SIGN_ENTITLEMENTS = OneSignalNotificationServiceExtension/OneSignalNotificationServiceExtension.entitlements;
				CODE_SIGN_STYLE = Automatic;
			};
		};
/* End XCBuildConfiguration section */

/* Begin XCConfigurationList section */
		13B07F931A680F5B00A75B9A /* Build configuration list for PBXNativeTarget "igniteshoes" */ = {
			isa = XCConfigurationList;
			buildConfigurations = (
				13B07F941A680F5B00A75B9A /* Debug */,
				13B07F951A680F5B00A75B9A /* Release */,
			);
			defaultConfigurationIsVisible = 0;
			defaultConfigurationName = Release;
		};
		83CBB9FA1A601CBA00E9B192 /* Build configuration list for PBXProject "igniteshoes" */ = {
			isa = XCConfigurationList;
			buildConfigurations = (
				83CBBA201A601CBA00E9B192 /* Debug */,
				83CBBA211A601CBA00E9B192 /* Release */,
			);
			defaultConfigurationIsVisible = 0;
			defaultConfigurationName = Release;
		};
		11F67A18F95446AC9D9AB880 /* Build configuration list for PBXNativeTarget "OneSignalNotificationServiceExtension" */ = {
			isa = XCConfigurationList;
			buildConfigurations = (
				76F5ABF67B6442D49B92C0DB /* Debug */,
				04C56BAEBB874843AF45C193 /* Release */,
			);
			defaultConfigurationIsVisible = 0;
			defaultConfigurationName = Release;
		};
		674928C0E55544FB87BC0226 /* Build configuration list for PBXNativeTarget "OneSignalNotificationServiceExtension" */ = {
			isa = XCConfigurationList;
			buildConfigurations = (
				026ADCF364A447D8B4625AA6 /* Debug */,
				7265B45EE4264C08BC007311 /* Release */,
			);
			defaultConfigurationIsVisible = 0;
			defaultConfigurationName = Release;
		};
		C354A83C0E62463BA3964667 /* Build configuration list for PBXNativeTarget "OneSignalNotificationServiceExtension" */ = {
			isa = XCConfigurationList;
			buildConfigurations = (
				D2A08BFB486C43DC8224EC4B /* Debug */,
				3F8DDB5297D444DA82899C83 /* Release */,
			);
			defaultConfigurationIsVisible = 0;
			defaultConfigurationName = Release;
		};
		C4072F1822914EB5BECC7DD4 /* Build configuration list for PBXNativeTarget "OneSignalNotificationServiceExtension" */ = {
			isa = XCConfigurationList;
			buildConfigurations = (
				904A617331F445E48560DA87 /* Debug */,
				41BFEED6261643F3842009C5 /* Release */,
			);
			defaultConfigurationIsVisible = 0;
			defaultConfigurationName = Release;
		};
/* End XCConfigurationList section */

/* Begin PBXTargetDependency section */
		BB52AD1A6F4046B0B79BDFEE /* PBXContainerItemProxy */ = {
			isa = PBXContainerItemProxy;
			containerPortal = 83CBB9F71A601CBA00E9B192 /* Project object */;
			proxyType = 1;
			remoteGlobalIDString = E54416045FC34391B117EFE1;
			remoteInfo = "OneSignalNotificationServiceExtension";
		};
		05288D0749F642908AEFA956 /* PBXTargetDependency */ = {
			isa = PBXTargetDependency;
			target = E54416045FC34391B117EFE1 /* "OneSignalNotificationServiceExtension" */;
			targetProxy = BB52AD1A6F4046B0B79BDFEE /* PBXContainerItemProxy */;
		};
		97734D0103D646B6AE19EB36 /* PBXContainerItemProxy */ = {
			isa = PBXContainerItemProxy;
			containerPortal = 83CBB9F71A601CBA00E9B192 /* Project object */;
			proxyType = 1;
			remoteGlobalIDString = 35B6D3BA84FF424D8B90F237;
			remoteInfo = "OneSignalNotificationServiceExtension";
		};
		9B27C3B2BA104507A5C01299 /* PBXTargetDependency */ = {
			isa = PBXTargetDependency;
			target = 35B6D3BA84FF424D8B90F237 /* "OneSignalNotificationServiceExtension" */;
			targetProxy = 97734D0103D646B6AE19EB36 /* PBXContainerItemProxy */;
		};
		F4A7D044CE7C40C887FAFD1D /* PBXContainerItemProxy */ = {
			isa = PBXContainerItemProxy;
			containerPortal = 83CBB9F71A601CBA00E9B192 /* Project object */;
			proxyType = 1;
			remoteGlobalIDString = 07CFC37F957B4C7693C27343;
			remoteInfo = "OneSignalNotificationServiceExtension";
		};
		7B15D2F13CD74331BCAC7088 /* PBXTargetDependency */ = {
			isa = PBXTargetDependency;
			target = 07CFC37F957B4C7693C27343 /* "OneSignalNotificationServiceExtension" */;
			targetProxy = F4A7D044CE7C40C887FAFD1D /* PBXContainerItemProxy */;
		};
		42DB6D8FBC534087824CCD8E /* PBXContainerItemProxy */ = {
			isa = PBXContainerItemProxy;
			containerPortal = 83CBB9F71A601CBA00E9B192 /* Project object */;
			proxyType = 1;
			remoteGlobalIDString = 4254431691954C2E8919F93B;
			remoteInfo = "OneSignalNotificationServiceExtension";
		};
		55853F4CDB0A4185A26DEF81 /* PBXTargetDependency */ = {
			isa = PBXTargetDependency;
			target = 4254431691954C2E8919F93B /* "OneSignalNotificationServiceExtension" */;
			targetProxy = 42DB6D8FBC534087824CCD8E /* PBXContainerItemProxy */;
		};
/* End PBXTargetDependency section */

/* Begin PBXContainerItemProxy section */
		BB52AD1A6F4046B0B79BDFEE /* PBXContainerItemProxy */ = {
			isa = PBXContainerItemProxy;
			containerPortal = 83CBB9F71A601CBA00E9B192 /* Project object */;
			proxyType = 1;
			remoteGlobalIDString = E54416045FC34391B117EFE1;
			remoteInfo = "OneSignalNotificationServiceExtension";
		};
		05288D0749F642908AEFA956 /* PBXTargetDependency */ = {
			isa = PBXTargetDependency;
			target = E54416045FC34391B117EFE1 /* "OneSignalNotificationServiceExtension" */;
			targetProxy = BB52AD1A6F4046B0B79BDFEE /* PBXContainerItemProxy */;
		};
		97734D0103D646B6AE19EB36 /* PBXContainerItemProxy */ = {
			isa = PBXContainerItemProxy;
			containerPortal = 83CBB9F71A601CBA00E9B192 /* Project object */;
			proxyType = 1;
			remoteGlobalIDString = 35B6D3BA84FF424D8B90F237;
			remoteInfo = "OneSignalNotificationServiceExtension";
		};
		9B27C3B2BA104507A5C01299 /* PBXTargetDependency */ = {
			isa = PBXTargetDependency;
			target = 35B6D3BA84FF424D8B90F237 /* "OneSignalNotificationServiceExtension" */;
			targetProxy = 97734D0103D646B6AE19EB36 /* PBXContainerItemProxy */;
		};
		F4A7D044CE7C40C887FAFD1D /* PBXContainerItemProxy */ = {
			isa = PBXContainerItemProxy;
			containerPortal = 83CBB9F71A601CBA00E9B192 /* Project object */;
			proxyType = 1;
			remoteGlobalIDString = 07CFC37F957B4C7693C27343;
			remoteInfo = "OneSignalNotificationServiceExtension";
		};
		7B15D2F13CD74331BCAC7088 /* PBXTargetDependency */ = {
			isa = PBXTargetDependency;
			target = 07CFC37F957B4C7693C27343 /* "OneSignalNotificationServiceExtension" */;
			targetProxy = F4A7D044CE7C40C887FAFD1D /* PBXContainerItemProxy */;
		};
		42DB6D8FBC534087824CCD8E /* PBXContainerItemProxy */ = {
			isa = PBXContainerItemProxy;
			containerPortal = 83CBB9F71A601CBA00E9B192 /* Project object */;
			proxyType = 1;
			remoteGlobalIDString = 4254431691954C2E8919F93B;
			remoteInfo = "OneSignalNotificationServiceExtension";
		};
		55853F4CDB0A4185A26DEF81 /* PBXTargetDependency */ = {
			isa = PBXTargetDependency;
			target = 4254431691954C2E8919F93B /* "OneSignalNotificationServiceExtension" */;
			targetProxy = 42DB6D8FBC534087824CCD8E /* PBXContainerItemProxy */;
		};
/* End PBXContainerItemProxy section */

/* Begin PBXCopyFilesBuildPhase section */
		CD520F8F3F464743BB0E1A90 /* Copy Files */ = {
			isa = PBXCopyFilesBuildPhase;
			buildActionMask = 2147483647;
			files = (
				7207BD5E99E642D4BBCF0644 /* OneSignalNotificationServiceExtension.appex in Copy Files */,
				3CB6613AF95D4ABAA3FC43A4 /* OneSignalNotificationServiceExtension.appex in Copy Files */,
				6AE17E74DCD74E58B4631BBB /* OneSignalNotificationServiceExtension.appex in Copy Files */,
				309CB1ED3D4F440D808FCF54 /* OneSignalNotificationServiceExtension.appex in Copy Files */,
			);
			runOnlyForDeploymentPostprocessing = 0;
			name = "Copy Files";
			dstPath = "";
			dstSubfolderSpec = 13;
		};
		280886B469404129B89B76FD /* Copy Files */ = {
			isa = PBXCopyFilesBuildPhase;
			buildActionMask = 2147483647;
			files = (
			);
			runOnlyForDeploymentPostprocessing = 0;
			name = "Copy Files";
			dstPath = "";
			dstSubfolderSpec = 13;
		};
		2204A7C10DDE4CE1A213E0E8 /* Copy Files */ = {
			isa = PBXCopyFilesBuildPhase;
			buildActionMask = 2147483647;
			files = (
			);
			runOnlyForDeploymentPostprocessing = 0;
			name = "Copy Files";
			dstPath = "";
			dstSubfolderSpec = 13;
		};
		00FFDFE04F3F48498AC98659 /* Copy Files */ = {
			isa = PBXCopyFilesBuildPhase;
			buildActionMask = 2147483647;
			files = (
			);
			runOnlyForDeploymentPostprocessing = 0;
			name = "Copy Files";
			dstPath = "";
			dstSubfolderSpec = 13;
		};
/* End PBXCopyFilesBuildPhase section */
	};
	rootObject = 83CBB9F71A601CBA00E9B192 /* Project object */;
}
